{
  "nodes": {
    "ansible-role": {
      "inputs": {
        "nixpkgs": "nixpkgs"
      },
      "locked": {
        "lastModified": 1708606072,
        "narHash": "sha256-S0CKd4sjJAw10ELxhRga+E+BZWj6nR3lBNaVXjFKXoE=",
        "owner": "czerwonk",
        "repo": "ansible-role",
        "rev": "cf667a4cca49cd08440428be7503d80d6fb8281a",
        "type": "github"
      },
      "original": {
        "owner": "czerwonk",
        "repo": "ansible-role",
        "type": "github"
      }
    },
    "crowdsec": {
      "inputs": {
        "flake-utils": "flake-utils",
        "nixpkgs": [
          "nixpkgs"
        ]
      },
      "locked": {
        "lastModified": 1745419999,
        "narHash": "sha256-xrbgCHZY0aL3Rghx8jcs5QjAscI5wTTZvyXV1DD+Qdg=",
        "owner": "czerwonk",
        "repo": "nix-flake-crowdsec",
        "rev": "62fb46ffffaacdcb1565db52803ac782e458f891",
        "type": "github"
      },
      "original": {
        "owner": "czerwonk",
        "repo": "nix-flake-crowdsec",
        "type": "github"
      }
    },
    "darwin": {
      "inputs": {
        "nixpkgs": [
          "nixpkgs-darwin"
        ]
      },
      "locked": {
        "lastModified": 1743127615,
        "narHash": "sha256-+sMGqywrSr50BGMLMeY789mSrzjkoxZiu61eWjYS/8o=",
        "owner": "lnl7",
        "repo": "nix-darwin",
        "rev": "fc843893cecc1838a59713ee3e50e9e7edc6207c",
        "type": "github"
      },
      "original": {
        "owner": "lnl7",
        "ref": "nix-darwin-24.11",
        "repo": "nix-darwin",
        "type": "github"
      }
    },
    "dns-drain": {
      "inputs": {
        "nixpkgs": "nixpkgs_2"
      },
      "locked": {
        "lastModified": 1737630103,
        "narHash": "sha256-RrF4IX3FTto2KXNdtLxGHLqFuQ1acTD/Dt1IE004K54=",
        "owner": "czerwonk",
        "repo": "dns-drain",
        "rev": "049063f1f859c0cd862dd1c6bb4a0103c266b3c2",
        "type": "github"
      },
      "original": {
        "owner": "czerwonk",
        "repo": "dns-drain",
        "type": "github"
      }
    },
    "flake-utils": {
      "inputs": {
        "systems": "systems"
      },
      "locked": {
        "lastModified": 1731533236,
        "narHash": "sha256-l0KFg5HjrsfsO/JpG+r7fRrqm12kzFHyUHqHCVpMMbI=",
        "owner": "numtide",
        "repo": "flake-utils",
        "rev": "11707dc2f618dd54ca8739b309ec4fc024de578b",
        "type": "github"
      },
      "original": {
        "id": "flake-utils",
        "type": "indirect"
      }
    },
    "home-manager": {
      "inputs": {
        "nixpkgs": [
          "nixpkgs"
        ]
      },
      "locked": {
        "lastModified": 1744743431,
        "narHash": "sha256-iyn/WBYDc7OtjSawbegINDe/gIkok888kQxk3aVnkgg=",
        "owner": "nix-community",
        "repo": "home-manager",
        "rev": "c61bfe3ae692f42ce688b5865fac9e0de58e1387",
        "type": "github"
      },
      "original": {
        "owner": "nix-community",
        "ref": "release-24.11",
        "repo": "home-manager",
        "type": "github"
      }
    },
    "home-manager-darwin": {
      "inputs": {
        "nixpkgs": [
          "nixpkgs-darwin"
        ]
      },
      "locked": {
        "lastModified": 1744743431,
        "narHash": "sha256-iyn/WBYDc7OtjSawbegINDe/gIkok888kQxk3aVnkgg=",
        "owner": "nix-community",
        "repo": "home-manager",
        "rev": "c61bfe3ae692f42ce688b5865fac9e0de58e1387",
        "type": "github"
      },
      "original": {
        "owner": "nix-community",
        "ref": "release-24.11",
        "repo": "home-manager",
        "type": "github"
      }
    },
    "home-manager-unstable": {
      "inputs": {
        "nixpkgs": [
          "nixpkgs-unstable"
        ]
      },
      "locked": {
        "lastModified": 1745416071,
        "narHash": "sha256-L8mEeVZvS1e0XaEDsibClr4MhBzqrxhUDiiAIbDnZGM=",
        "owner": "nix-community",
        "repo": "home-manager",
        "rev": "6c132a098e61163fb559db986efe913acd3df4e7",
        "type": "github"
      },
      "original": {
        "owner": "nix-community",
        "ref": "master",
        "repo": "home-manager",
        "type": "github"
      }
    },
    "impermanence": {
      "locked": {
        "lastModified": 1734945620,
        "narHash": "sha256-olIfsfJK4/GFmPH8mXMmBDAkzVQ1TWJmeGT3wBGfQPY=",
        "owner": "nix-community",
        "repo": "impermanence",
        "rev": "d000479f4f41390ff7cf9204979660ad5dd16176",
        "type": "github"
      },
      "original": {
        "owner": "nix-community",
        "ref": "d000479f4f41390ff7cf9204979660ad5dd16176",
        "repo": "impermanence",
        "type": "github"
      }
    },
    "net-merge": {
      "inputs": {
        "nixpkgs": "nixpkgs_3"
      },
      "locked": {
        "lastModified": 1743752256,
        "narHash": "sha256-XZMJurfEuKqlQrvV/9g7XwwIEm1yL/DoUXQNDBJjp0s=",
        "owner": "czerwonk",
        "repo": "net-merge",
        "rev": "95452c3afb307df1093ed22e10884c2a2e187496",
        "type": "github"
      },
      "original": {
        "owner": "czerwonk",
        "repo": "net-merge",
        "type": "github"
      }
    },
    "nixos-hardware": {
      "locked": {
        "lastModified": 1745392233,
        "narHash": "sha256-xmqG4MZArM1JNxPJ33s0MtuBzgnaCO9laARoU3AfP8E=",
        "owner": "NixOS",
        "repo": "nixos-hardware",
        "rev": "8bf8a2a0822365bd8f44fd1a19d7ed0a1d629d64",
        "type": "github"
      },
      "original": {
        "owner": "NixOS",
        "ref": "master",
        "repo": "nixos-hardware",
        "type": "github"
      }
    },
    "nixpkgs": {
      "locked": {
        "lastModified": 1708564076,
        "narHash": "sha256-KKkqoxlgx9n3nwST7O2kM8tliDOijiSSNaWuSkiozdQ=",
        "owner": "NixOS",
        "repo": "nixpkgs",
        "rev": "98b00b6947a9214381112bdb6f89c25498db4959",
        "type": "github"
      },
      "original": {
        "id": "nixpkgs",
        "type": "indirect"
      }
    },
    "nixpkgs-darwin": {
      "locked": {
        "lastModified": 1744492897,
        "narHash": "sha256-qqKO4FOo/vPmNIaRPcLqwfudUlQ29iNdI1IbCZfjmxs=",
        "owner": "nixos",
        "repo": "nixpkgs",
        "rev": "86484f6076aac9141df2bfcddbf7dcfce5e0c6bb",
        "type": "github"
      },
      "original": {
        "owner": "nixos",
        "ref": "nixpkgs-24.11-darwin",
        "repo": "nixpkgs",
        "type": "github"
      }
    },
    "nixpkgs-unstable": {
      "locked": {
        "lastModified": 1745385072,
        "narHash": "sha256-geZyeQp56HeUaMbhPUVpuN58QfJ94s0jLOUoNf/jUlg=",
        "owner": "NixOS",
        "repo": "nixpkgs",
        "rev": "6722b86722d71dbf45591685d355664645912388",
        "type": "github"
      },
      "original": {
        "owner": "NixOS",
        "ref": "nixos-unstable-small",
        "repo": "nixpkgs",
        "type": "github"
      }
    },
    "nixpkgs_2": {
      "locked": {
        "lastModified": 1708564076,
        "narHash": "sha256-KKkqoxlgx9n3nwST7O2kM8tliDOijiSSNaWuSkiozdQ=",
        "owner": "NixOS",
        "repo": "nixpkgs",
        "rev": "98b00b6947a9214381112bdb6f89c25498db4959",
        "type": "github"
      },
      "original": {
        "id": "nixpkgs",
        "type": "indirect"
      }
    },
    "nixpkgs_3": {
      "locked": {
        "lastModified": 0,
        "narHash": "sha256-AQ7M9wTa/Pa/kK5pcGTgX/DGqMHyzsyINfN7ktsI7Fo=",
        "path": "/nix/store/52hnnvpyni1n79ra4rqxdcswmd2w3823-source",
        "type": "path"
      },
      "original": {
        "id": "nixpkgs",
        "type": "indirect"
      }
    },
    "nixpkgs_4": {
      "locked": {
        "lastModified": 1745279238,
        "narHash": "sha256-AQ7M9wTa/Pa/kK5pcGTgX/DGqMHyzsyINfN7ktsI7Fo=",
        "owner": "nixos",
        "repo": "nixpkgs",
        "rev": "9684b53175fc6c09581e94cc85f05ab77464c7e3",
        "type": "github"
      },
      "original": {
        "owner": "nixos",
        "ref": "nixos-24.11",
        "repo": "nixpkgs",
        "type": "github"
      }
    },
    "private": {
      "locked": {
        "lastModified": 1745390896,
        "narHash": "sha256-UQdhmWP1XGZ0xOZDZffILq+cLZ1tDerGtW4NUd9smrk=",
        "ref": "refs/heads/main",
        "rev": "c09c0a8c57188d6c2492effce980b1f5ad61f002",
        "revCount": 386,
        "type": "git",
        "url": "ssh://git@code.routing.rocks/daniel/nixfiles.private"
      },
      "original": {
        "type": "git",
        "url": "ssh://git@code.routing.rocks/daniel/nixfiles.private"
      }
    },
    "root": {
      "inputs": {
        "ansible-role": "ansible-role",
        "crowdsec": "crowdsec",
        "darwin": "darwin",
        "dns-drain": "dns-drain",
        "home-manager": "home-manager",
        "home-manager-darwin": "home-manager-darwin",
        "home-manager-unstable": "home-manager-unstable",
        "impermanence": "impermanence",
        "net-merge": "net-merge",
        "nixos-hardware": "nixos-hardware",
        "nixpkgs": "nixpkgs_4",
        "nixpkgs-darwin": "nixpkgs-darwin",
        "nixpkgs-unstable": "nixpkgs-unstable",
        "private": "private",
        "routing-rocks-policy": "routing-rocks-policy"
      }
    },
    "routing-rocks-policy": {
      "locked": {
        "lastModified": 1717008402,
        "narHash": "sha256-YgIQa/PDRecSAoULdeUrEXnsKkHfEnB/2WWQ3jkYZfc=",
        "owner": "czerwonk",
        "repo": "routing-rocks-policy-role",
        "rev": "4bf887f568f97124d00b0c80cc9d59eb2a23d457",
        "type": "github"
      },
      "original": {
        "owner": "czerwonk",
        "repo": "routing-rocks-policy-role",
        "type": "github"
      }
    },
    "systems": {
      "locked": {
        "lastModified": 1681028828,
        "narHash": "sha256-Vy1rq5AaRuLzOxct8nz4T6wlgyUR7zLU309k9mBC768=",
        "owner": "nix-systems",
        "repo": "default",
        "rev": "da67096a3b9bf56a91d16901293e51ba5b49a27e",
        "type": "github"
      },
      "original": {
        "owner": "nix-systems",
        "repo": "default",
        "type": "github"
      }
    }
  },
  "root": "root",
  "version": 7
}
