{
  "nodes": {
    "ansible-role": {
      "inputs": {
        "nixpkgs": "nixpkgs"
      },
      "locked": {
        "lastModified": 1708606072,
        "narHash": "sha256-S0CKd4sjJAw10ELxhRga+E+BZWj6nR3lBNaVXjFKXoE=",
        "owner": "czerwonk",
        "repo": "ansible-role",
        "rev": "cf667a4cca49cd08440428be7503d80d6fb8281a",
        "type": "github"
      },
      "original": {
        "owner": "czerwonk",
        "repo": "ansible-role",
        "type": "github"
      }
    },
    "crowdsec": {
      "inputs": {
        "flake-utils": "flake-utils",
        "nixpkgs": [
          "nixpkgs"
        ]
      },
      "locked": {
        "lastModified": 1745419999,
        "narHash": "sha256-xrbgCHZY0aL3Rghx8jcs5QjAscI5wTTZvyXV1DD+Qdg=",
        "owner": "czerwonk",
        "repo": "nix-flake-crowdsec",
        "rev": "62fb46ffffaacdcb1565db52803ac782e458f891",
        "type": "github"
      },
      "original": {
        "owner": "czerwonk",
        "repo": "nix-flake-crowdsec",
        "type": "github"
      }
    },
    "darwin": {
      "inputs": {
        "nixpkgs": [
          "nixpkgs-darwin"
        ]
      },
      "locked": {
        "lastModified": 1749744770,
        "narHash": "sha256-MEM9XXHgBF/Cyv1RES1t6gqAX7/tvayBC1r/KPyK1ls=",
        "owner": "lnl7",
        "repo": "nix-darwin",
        "rev": "536f951efb1ccda9b968e3c9dee39fbeb6d3fdeb",
        "type": "github"
      },
      "original": {
        "owner": "lnl7",
        "ref": "nix-darwin-25.05",
        "repo": "nix-darwin",
        "type": "github"
      }
    },
    "dns-drain": {
      "inputs": {
        "nixpkgs": [
          "nixpkgs"
        ]
      },
      "locked": {
        "lastModified": 1749037732,
        "narHash": "sha256-SezDaBvTTXMVtgoVrDW5ph/JBeOJj04gJKja/zxwzPI=",
        "owner": "czerwonk",
        "repo": "dns-drain",
        "rev": "8ee180fbe5098f5e36b9da2040fc6f6e38eebd4f",
        "type": "github"
      },
      "original": {
        "owner": "czerwonk",
        "repo": "dns-drain",
        "type": "github"
      }
    },
    "flake-parts": {
      "inputs": {
        "nixpkgs-lib": [
          "mcp-hub",
          "nixpkgs"
        ]
      },
      "locked": {
        "lastModified": 1743550720,
        "narHash": "sha256-hIshGgKZCgWh6AYJpJmRgFdR3WUbkY04o82X05xqQiY=",
        "owner": "hercules-ci",
        "repo": "flake-parts",
        "rev": "c621e8422220273271f52058f618c94e405bb0f5",
        "type": "github"
      },
      "original": {
        "owner": "hercules-ci",
        "repo": "flake-parts",
        "type": "github"
      }
    },
    "flake-parts_2": {
      "inputs": {
        "nixpkgs-lib": [
          "mcphub-nvim",
          "nixpkgs"
        ]
      },
      "locked": {
        "lastModified": 1743550720,
        "narHash": "sha256-hIshGgKZCgWh6AYJpJmRgFdR3WUbkY04o82X05xqQiY=",
        "owner": "hercules-ci",
        "repo": "flake-parts",
        "rev": "c621e8422220273271f52058f618c94e405bb0f5",
        "type": "github"
      },
      "original": {
        "owner": "hercules-ci",
        "repo": "flake-parts",
        "type": "github"
      }
    },
    "flake-utils": {
      "inputs": {
        "systems": "systems"
      },
      "locked": {
        "lastModified": 1731533236,
        "narHash": "sha256-l0KFg5HjrsfsO/JpG+r7fRrqm12kzFHyUHqHCVpMMbI=",
        "owner": "numtide",
        "repo": "flake-utils",
        "rev": "11707dc2f618dd54ca8739b309ec4fc024de578b",
        "type": "github"
      },
      "original": {
        "id": "flake-utils",
        "type": "indirect"
      }
    },
    "home-manager": {
      "inputs": {
        "nixpkgs": [
          "nixpkgs"
        ]
      },
      "locked": {
        "lastModified": 1749154018,
        "narHash": "sha256-gjN3j7joRvT3a8Zgcylnd4NFsnXeDBumqiu4HmY1RIg=",
        "owner": "nix-community",
        "repo": "home-manager",
        "rev": "7aae0ee71a17b19708b93b3ed448a1a0952bf111",
        "type": "github"
      },
      "original": {
        "owner": "nix-community",
        "ref": "release-25.05",
        "repo": "home-manager",
        "type": "github"
      }
    },
    "home-manager-darwin": {
      "inputs": {
        "nixpkgs": [
          "nixpkgs-darwin"
        ]
      },
      "locked": {
        "lastModified": 1749154018,
        "narHash": "sha256-gjN3j7joRvT3a8Zgcylnd4NFsnXeDBumqiu4HmY1RIg=",
        "owner": "nix-community",
        "repo": "home-manager",
        "rev": "7aae0ee71a17b19708b93b3ed448a1a0952bf111",
        "type": "github"
      },
      "original": {
        "owner": "nix-community",
        "ref": "release-25.05",
        "repo": "home-manager",
        "type": "github"
      }
    },
    "home-manager-unstable": {
      "inputs": {
        "nixpkgs": [
          "nixpkgs-unstable"
        ]
      },
      "locked": {
        "lastModified": 1750304462,
        "narHash": "sha256-Mj5t4yX05/rXnRqJkpoLZTWqgStB88Mr/fegTRqyiWc=",
        "owner": "nix-community",
        "repo": "home-manager",
        "rev": "863842639722dd12ae9e37ca83bcb61a63b36f6c",
        "type": "github"
      },
      "original": {
        "owner": "nix-community",
        "ref": "master",
        "repo": "home-manager",
        "type": "github"
      }
    },
    "impermanence": {
      "locked": {
        "lastModified": 1737831083,
        "narHash": "sha256-LJggUHbpyeDvNagTUrdhe/pRVp4pnS6wVKALS782gRI=",
        "owner": "nix-community",
        "repo": "impermanence",
        "rev": "4b3e914cdf97a5b536a889e939fb2fd2b043a170",
        "type": "github"
      },
      "original": {
        "owner": "nix-community",
        "ref": "4b3e914cdf97a5b536a889e939fb2fd2b043a170",
        "repo": "impermanence",
        "type": "github"
      }
    },
    "mcp-hub": {
      "inputs": {
        "flake-parts": "flake-parts",
        "nixpkgs": "nixpkgs_2"
      },
      "locked": {
        "lastModified": 1750227155,
        "narHash": "sha256-MyKZ9I39x26ZIjaciVqz6GB9V/NPNf9faTOzzEQcZWQ=",
        "owner": "ravitemer",
        "repo": "mcp-hub",
        "rev": "2bc5d88405028b8d038dd37f6659718f3918ae58",
        "type": "github"
      },
      "original": {
        "owner": "ravitemer",
        "ref": "2bc5d88405028b8d038dd37f6659718f3918ae58",
        "repo": "mcp-hub",
        "type": "github"
      }
    },
    "mcphub-nvim": {
      "inputs": {
        "flake-parts": "flake-parts_2",
        "nixpkgs": "nixpkgs_3"
      },
      "locked": {
        "lastModified": 1750227497,
        "narHash": "sha256-t3OY4481cAK5T2XGILbTuXOrlbNCra5JHbwlHFhe7e4=",
        "owner": "ravitemer",
        "repo": "mcphub.nvim",
        "rev": "85a7a659fc82da1429a2241ab61e9ce07b3db374",
        "type": "github"
      },
      "original": {
        "owner": "ravitemer",
        "ref": "85a7a659fc82da1429a2241ab61e9ce07b3db374",
        "repo": "mcphub.nvim",
        "type": "github"
      }
    },
    "net-merge": {
      "inputs": {
        "nixpkgs": [
          "nixpkgs"
        ]
      },
      "locked": {
        "lastModified": 1747585580,
        "narHash": "sha256-MdDImxh0lE3xzYjkQUJsa/hdlmS6jQ567eiHDwQcFYk=",
        "owner": "czerwonk",
        "repo": "net-merge",
        "rev": "e91ca0beabff51a6e464ec7ef1c827cade097474",
        "type": "github"
      },
      "original": {
        "owner": "czerwonk",
        "repo": "net-merge",
        "type": "github"
      }
    },
    "nixos-hardware": {
      "locked": {
        "lastModified": 1750083401,
        "narHash": "sha256-ynqbgIYrg7P1fAKYqe8I/PMiLABBcNDYG9YaAP/d/C4=",
        "owner": "NixOS",
        "repo": "nixos-hardware",
        "rev": "61837d2a33ccc1582c5fabb7bf9130d39fee59ad",
        "type": "github"
      },
      "original": {
        "owner": "NixOS",
        "ref": "master",
        "repo": "nixos-hardware",
        "type": "github"
      }
    },
    "nixpkgs": {
      "locked": {
        "lastModified": 1708564076,
        "narHash": "sha256-KKkqoxlgx9n3nwST7O2kM8tliDOijiSSNaWuSkiozdQ=",
        "owner": "NixOS",
        "repo": "nixpkgs",
        "rev": "98b00b6947a9214381112bdb6f89c25498db4959",
        "type": "github"
      },
      "original": {
        "id": "nixpkgs",
        "type": "indirect"
      }
    },
    "nixpkgs-darwin": {
      "locked": {
        "lastModified": 1750299550,
        "narHash": "sha256-dpbbn1J7lUUthWhgQoFl90+ZiT5n3PHAOCKaWuuikp4=",
        "owner": "nixos",
        "repo": "nixpkgs",
        "rev": "1bd08b6161a58729e2074b76ef2511b8fe31cf15",
        "type": "github"
      },
      "original": {
        "owner": "nixos",
        "ref": "nixpkgs-25.05-darwin",
        "repo": "nixpkgs",
        "type": "github"
      }
    },
    "nixpkgs-unstable": {
      "locked": {
        "lastModified": 1750360494,
        "narHash": "sha256-wa6VwW0oBTL2nwBOsxLQZ2q/K64ed1byAYFKu0ac4xo=",
        "owner": "nixos",
        "repo": "nixpkgs",
        "rev": "2b94dff39adc3a5ca34c9bbeef888747b1b1448c",
        "type": "github"
      },
      "original": {
        "owner": "nixos",
        "ref": "nixos-unstable-small",
        "repo": "nixpkgs",
        "type": "github"
      }
    },
    "nixpkgs_2": {
      "locked": {
        "lastModified": 1743689281,
        "narHash": "sha256-y7Hg5lwWhEOgflEHRfzSH96BOt26LaYfrYWzZ+VoVdg=",
        "owner": "NixOS",
        "repo": "nixpkgs",
        "rev": "2bfc080955153be0be56724be6fa5477b4eefabb",
        "type": "github"
      },
      "original": {
        "owner": "NixOS",
        "ref": "nixpkgs-unstable",
        "repo": "nixpkgs",
        "type": "github"
      }
    },
    "nixpkgs_3": {
      "locked": {
        "lastModified": 1745377448,
        "narHash": "sha256-jhZDfXVKdD7TSEGgzFJQvEEZ2K65UMiqW5YJ2aIqxMA=",
        "owner": "nixos",
        "repo": "nixpkgs",
        "rev": "507b63021ada5fee621b6ca371c4fca9ca46f52c",
        "type": "github"
      },
      "original": {
        "owner": "nixos",
        "ref": "nixpkgs-unstable",
        "repo": "nixpkgs",
        "type": "github"
      }
    },
    "nixpkgs_4": {
      "locked": {
        "lastModified": 1750259320,
        "narHash": "sha256-H8J4H2XCIMEJ5g6fZ179QfQvsc2dUqhqfBjC8RAHNRY=",
        "owner": "nixos",
        "repo": "nixpkgs",
        "rev": "9ba04bda9249d5d5e5238303c9755de5a49a79c5",
        "type": "github"
      },
      "original": {
        "owner": "nixos",
        "ref": "nixos-25.05",
        "repo": "nixpkgs",
        "type": "github"
      }
    },
    "private": {
      "locked": {
        "lastModified": 1749562253,
        "narHash": "sha256-GCQ6dhM+BfMe4Ip00r16MLXLN/tL5sUVbqJuaZgKzGI=",
        "ref": "refs/heads/main",
        "rev": "18b92441b2ed3ba1b4d969bed06309c6750c1624",
        "revCount": 420,
        "type": "git",
        "url": "ssh://git@code.routing.rocks/daniel/nixfiles.private"
      },
      "original": {
        "type": "git",
        "url": "ssh://git@code.routing.rocks/daniel/nixfiles.private"
      }
    },
    "root": {
      "inputs": {
        "ansible-role": "ansible-role",
        "crowdsec": "crowdsec",
        "darwin": "darwin",
        "dns-drain": "dns-drain",
        "home-manager": "home-manager",
        "home-manager-darwin": "home-manager-darwin",
        "home-manager-unstable": "home-manager-unstable",
        "impermanence": "impermanence",
        "mcp-hub": "mcp-hub",
        "mcphub-nvim": "mcphub-nvim",
        "net-merge": "net-merge",
        "nixos-hardware": "nixos-hardware",
        "nixpkgs": "nixpkgs_4",
        "nixpkgs-darwin": "nixpkgs-darwin",
        "nixpkgs-unstable": "nixpkgs-unstable",
        "private": "private",
        "routing-rocks-policy": "routing-rocks-policy"
      }
    },
    "routing-rocks-policy": {
      "locked": {
        "lastModified": 1747486436,
        "narHash": "sha256-Xmesf0uOPCfzpV/bvZRKqP9L0mLZonHxBmM7iUM7Ufw=",
        "owner": "czerwonk",
        "repo": "routing-rocks-policy-role",
        "rev": "ef6a457c929f87d9914de36d9e87c6681581165e",
        "type": "github"
      },
      "original": {
        "owner": "czerwonk",
        "repo": "routing-rocks-policy-role",
        "type": "github"
      }
    },
    "systems": {
      "locked": {
        "lastModified": 1681028828,
        "narHash": "sha256-Vy1rq5AaRuLzOxct8nz4T6wlgyUR7zLU309k9mBC768=",
        "owner": "nix-systems",
        "repo": "default",
        "rev": "da67096a3b9bf56a91d16901293e51ba5b49a27e",
        "type": "github"
      },
      "original": {
        "owner": "nix-systems",
        "repo": "default",
        "type": "github"
      }
    }
  },
  "root": "root",
  "version": 7
}
