{
  "nodes": {
    "ansible-role": {
      "inputs": {
        "nixpkgs": [
          "nixpkgs"
        ]
      },
      "locked": {
        "lastModified": 1778655069,
        "narHash": "sha256-SFblMqnoRFaD98oRpwAh7WczxVffQQgyjbSI0Lyq/jM=",
        "owner": "czerwonk",
        "repo": "ansible-role",
        "rev": "4ea3f06f0600aabebec9983197b414e5232912fc",
        "type": "github"
      },
      "original": {
        "owner": "czerwonk",
        "repo": "ansible-role",
        "type": "github"
      }
    },
    "darwin": {
      "inputs": {
        "nixpkgs": [
          "nixpkgs-darwin"
        ]
      },
      "locked": {
        "lastModified": 1779036909,
        "narHash": "sha256-zXcwYQGCT6pzinK+1dBB2ekTVtfxGZAapb3Evdcu4fY=",
        "owner": "nix-darwin",
        "repo": "nix-darwin",
        "rev": "56c666e108467d87d13508936aade6d567f2a501",
        "type": "github"
      },
      "original": {
        "owner": "nix-darwin",
        "ref": "nix-darwin-26.05",
        "repo": "nix-darwin",
        "type": "github"
      }
    },
    "dns-drain": {
      "inputs": {
        "nixpkgs": [
          "nixpkgs"
        ]
      },
      "locked": {
        "lastModified": 1779804015,
        "narHash": "sha256-20Y+YSMRzT7de45Y5WZNoNsVcZAjfCuw9QaNB/WyMYc=",
        "owner": "czerwonk",
        "repo": "dns-drain",
        "rev": "d7a1d9b285f98202849dbfebc66b6c90c994c56b",
        "type": "github"
      },
      "original": {
        "owner": "czerwonk",
        "repo": "dns-drain",
        "type": "github"
      }
    },
    "hakanai": {
      "inputs": {
        "nixpkgs": [
          "nixpkgs-unstable"
        ]
      },
      "locked": {
        "lastModified": 1780046368,
        "narHash": "sha256-6OCgTu6BO1ALR6mYVf9fT6Ra0mhUD9kyyfoTKM0uG4w=",
        "owner": "czerwonk",
        "repo": "hakanai",
        "rev": "ed2fc3e3268ecdee75a72290cefa8cb50781f8a8",
        "type": "github"
      },
      "original": {
        "owner": "czerwonk",
        "ref": "ed2fc3e3268ecdee75a72290cefa8cb50781f8a8",
        "repo": "hakanai",
        "type": "github"
      }
    },
    "home-manager": {
      "inputs": {
        "nixpkgs": [
          "nixpkgs"
        ]
      },
      "locked": {
        "lastModified": 1779726825,
        "narHash": "sha256-RUkMrREjKDQrA+dA9+xZviGAxM5W1aVdyOr/bSYpHrE=",
        "owner": "nix-community",
        "repo": "home-manager",
        "rev": "b179bde238977f7d4454fc770b1a727eaf55111c",
        "type": "github"
      },
      "original": {
        "owner": "nix-community",
        "ref": "release-26.05",
        "repo": "home-manager",
        "type": "github"
      }
    },
    "home-manager-darwin": {
      "inputs": {
        "nixpkgs": [
          "nixpkgs-darwin"
        ]
      },
      "locked": {
        "lastModified": 1779726825,
        "narHash": "sha256-RUkMrREjKDQrA+dA9+xZviGAxM5W1aVdyOr/bSYpHrE=",
        "owner": "nix-community",
        "repo": "home-manager",
        "rev": "b179bde238977f7d4454fc770b1a727eaf55111c",
        "type": "github"
      },
      "original": {
        "owner": "nix-community",
        "ref": "release-26.05",
        "repo": "home-manager",
        "type": "github"
      }
    },
    "home-manager-unstable": {
      "inputs": {
        "nixpkgs": [
          "nixpkgs-unstable"
        ]
      },
      "locked": {
        "lastModified": 1780099287,
        "narHash": "sha256-efIPwVGtIWIjWcznhaop6XN6HxnOL8800hF6CBNvlqQ=",
        "owner": "nix-community",
        "repo": "home-manager",
        "rev": "7d8127d308c3fb9664f7e643eec944be74ebb37d",
        "type": "github"
      },
      "original": {
        "owner": "nix-community",
        "ref": "master",
        "repo": "home-manager",
        "type": "github"
      }
    },
    "home-manager_2": {
      "inputs": {
        "nixpkgs": [
          "impermanence",
          "nixpkgs"
        ]
      },
      "locked": {
        "lastModified": 1768598210,
        "narHash": "sha256-kkgA32s/f4jaa4UG+2f8C225Qvclxnqs76mf8zvTVPg=",
        "owner": "nix-community",
        "repo": "home-manager",
        "rev": "c47b2cc64a629f8e075de52e4742de688f930dc6",
        "type": "github"
      },
      "original": {
        "owner": "nix-community",
        "repo": "home-manager",
        "type": "github"
      }
    },
    "impermanence": {
      "inputs": {
        "home-manager": "home-manager_2",
        "nixpkgs": "nixpkgs"
      },
      "locked": {
        "lastModified": 1769548169,
        "narHash": "sha256-03+JxvzmfwRu+5JafM0DLbxgHttOQZkUtDWBmeUkN8Y=",
        "owner": "nix-community",
        "repo": "impermanence",
        "rev": "7b1d382faf603b6d264f58627330f9faa5cba149",
        "type": "github"
      },
      "original": {
        "owner": "nix-community",
        "ref": "7b1d382faf603b6d264f58627330f9faa5cba149",
        "repo": "impermanence",
        "type": "github"
      }
    },
    "net-reduce": {
      "inputs": {
        "nixpkgs": [
          "nixpkgs"
        ]
      },
      "locked": {
        "lastModified": 1778597967,
        "narHash": "sha256-29bv+UHBJygtL+td4CysC9D1b0romnX9byoU656BmrA=",
        "owner": "czerwonk",
        "repo": "net-reduce",
        "rev": "071439677b78735840a4697cda891c5ac83235c0",
        "type": "github"
      },
      "original": {
        "owner": "czerwonk",
        "repo": "net-reduce",
        "type": "github"
      }
    },
    "nixos-hardware": {
      "inputs": {
        "nixpkgs": "nixpkgs_2"
      },
      "locked": {
        "lastModified": 1780065812,
        "narHash": "sha256-SCSLUKBmwlSLGQ8Xbr8PjRFtiHNk0l9ktqkcmqdBkfE=",
        "owner": "NixOS",
        "repo": "nixos-hardware",
        "rev": "b76b5639c0593e0aeb0b5879ad62d4b30596c144",
        "type": "github"
      },
      "original": {
        "owner": "NixOS",
        "ref": "master",
        "repo": "nixos-hardware",
        "type": "github"
      }
    },
    "nixpkgs": {
      "locked": {
        "lastModified": 1768564909,
        "narHash": "sha256-Kell/SpJYVkHWMvnhqJz/8DqQg2b6PguxVWOuadbHCc=",
        "owner": "nixos",
        "repo": "nixpkgs",
        "rev": "e4bae1bd10c9c57b2cf517953ab70060a828ee6f",
        "type": "github"
      },
      "original": {
        "owner": "nixos",
        "ref": "nixos-unstable",
        "repo": "nixpkgs",
        "type": "github"
      }
    },
    "nixpkgs-darwin": {
      "locked": {
        "lastModified": 1780180721,
        "narHash": "sha256-bHHvsVgzvOE0SKJn2OB7LDKuiOpdkXS/eVqTiJDNVBI=",
        "owner": "nixos",
        "repo": "nixpkgs",
        "rev": "9396caa0b59af6a17cac62008a72255b25e1e9a8",
        "type": "github"
      },
      "original": {
        "owner": "nixos",
        "ref": "nixpkgs-26.05-darwin",
        "repo": "nixpkgs",
        "type": "github"
      }
    },
    "nixpkgs-unstable": {
      "locked": {
        "lastModified": 1780295093,
        "narHash": "sha256-jOk5Okw2rm5GcUMydJaZlPfTLcFs0qeC+qO7MhGhnyw=",
        "owner": "nixos",
        "repo": "nixpkgs",
        "rev": "e12fdeef28ee6a54ba30be3a9389bd3ab90c38ac",
        "type": "github"
      },
      "original": {
        "owner": "nixos",
        "ref": "nixos-unstable-small",
        "repo": "nixpkgs",
        "type": "github"
      }
    },
    "nixpkgs_2": {
      "locked": {
        "lastModified": 1767892417,
        "narHash": "sha256-8bW3q88CEg2u4hSP66Vf4lpbLonHz7hqDNBMcCY7E9U=",
        "rev": "3497aa5c9457a9d88d71fa93a4a8368816fbeeba",
        "type": "tarball",
        "url": "https://releases.nixos.org/nixos/unstable/nixos-26.05pre924538.3497aa5c9457/nixexprs.tar.xz"
      },
      "original": {
        "type": "tarball",
        "url": "https://channels.nixos.org/nixos-unstable/nixexprs.tar.xz"
      }
    },
    "nixpkgs_3": {
      "locked": {
        "lastModified": 1780203844,
        "narHash": "sha256-K5sT4jTpGs15ADhviMKNBH38REpPf5Q6mM1+N6cArVE=",
        "owner": "nixos",
        "repo": "nixpkgs",
        "rev": "b51242d7d43689db2f3be91bd05d5b24fbb469c4",
        "type": "github"
      },
      "original": {
        "owner": "nixos",
        "ref": "nixos-26.05",
        "repo": "nixpkgs",
        "type": "github"
      }
    },
    "private": {
      "locked": {
        "lastModified": 1779890648,
        "narHash": "sha256-MrHh1RXAtIRqZhzXP0eCZuWHQ39nXXh2IAKbn5cF8dk=",
        "ref": "refs/heads/main",
        "rev": "2731649a0aa04a35427a2e5604cef0f1f5149f72",
        "revCount": 456,
        "type": "git",
        "url": "ssh://git@code.routing.rocks/daniel/nixfiles.private"
      },
      "original": {
        "type": "git",
        "url": "ssh://git@code.routing.rocks/daniel/nixfiles.private"
      }
    },
    "root": {
      "inputs": {
        "ansible-role": "ansible-role",
        "darwin": "darwin",
        "dns-drain": "dns-drain",
        "hakanai": "hakanai",
        "home-manager": "home-manager",
        "home-manager-darwin": "home-manager-darwin",
        "home-manager-unstable": "home-manager-unstable",
        "impermanence": "impermanence",
        "net-reduce": "net-reduce",
        "nixos-hardware": "nixos-hardware",
        "nixpkgs": "nixpkgs_3",
        "nixpkgs-darwin": "nixpkgs-darwin",
        "nixpkgs-unstable": "nixpkgs-unstable",
        "private": "private",
        "routing-rocks-policy": "routing-rocks-policy"
      }
    },
    "routing-rocks-policy": {
      "locked": {
        "lastModified": 1769699965,
        "narHash": "sha256-GgA0/aLmRm/Y3BIZX6wDkwWlVytyWYPoxlI5vGaSThE=",
        "owner": "czerwonk",
        "repo": "routing-rocks-policy-role",
        "rev": "4005d706c50f478ea93fd2a100926b9f067039da",
        "type": "github"
      },
      "original": {
        "owner": "czerwonk",
        "repo": "routing-rocks-policy-role",
        "type": "github"
      }
    }
  },
  "root": "root",
  "version": 7
}
